
Microsoft Visual Studio Solution File, Format Version 12.00
# Visual Studio Version 17
VisualStudioVersion = 17.7.34009.444
MinimumVisualStudioVersion = 10.0.40219.1
Project("{FAE04EC0-301F-11D3-BF4B-00C04F79EFBC}") = "CreationalPatterns", "CreationalPatterns\CreationalPatterns.csproj", "{D15EAB30-414B-48AB-81EB-521D22B8FFC6}"
EndProject
Project("{FAE04EC0-301F-11D3-BF4B-00C04F79EFBC}") = "DesignPatternPrograms", "DesignPatternPrograms\DesignPatternPrograms.csproj", "{0A3A4F8B-C0F5-4608-A1CA-7CA0495AD595}"
EndProject
Project("{2150E333-8FDC-42A3-9474-1A3956D46DE8}") = "Solution Items", "Solution Items", "{3A27198B-B6C3-4E34-A6B4-B3FB8CB5C712}"
	ProjectSection(SolutionItems) = preProject
		.editorconfig = .editorconfig
	EndProjectSection
EndProject
Global
	GlobalSection(SolutionConfigurationPlatforms) = preSolution
		Debug|Any CPU = Debug|Any CPU
		Release|Any CPU = Release|Any CPU
	EndGlobalSection
	GlobalSection(ProjectConfigurationPlatforms) = postSolution
		{D15EAB30-414B-48AB-81EB-521D22B8FFC6}.Debug|Any CPU.ActiveCfg = Debug|Any CPU
		{D15EAB30-414B-48AB-81EB-521D22B8FFC6}.Debug|Any CPU.Build.0 = Debug|Any CPU
		{D15EAB30-414B-48AB-81EB-521D22B8FFC6}.Release|Any CPU.ActiveCfg = Release|Any CPU
		{D15EAB30-414B-48AB-81EB-521D22B8FFC6}.Release|Any CPU.Build.0 = Release|Any CPU
		{0A3A4F8B-C0F5-4608-A1CA-7CA0495AD595}.Debug|Any CPU.ActiveCfg = Debug|Any CPU
		{0A3A4F8B-C0F5-4608-A1CA-7CA0495AD595}.Debug|Any CPU.Build.0 = Debug|Any CPU
		{0A3A4F8B-C0F5-4608-A1CA-7CA0495AD595}.Release|Any CPU.ActiveCfg = Release|Any CPU
		{0A3A4F8B-C0F5-4608-A1CA-7CA0495AD595}.Release|Any CPU.Build.0 = Release|Any CPU
	EndGlobalSection
	GlobalSection(SolutionProperties) = preSolution
		HideSolutionNode = FALSE
	EndGlobalSection
	GlobalSection(ExtensibilityGlobals) = postSolution
		SolutionGuid = {D6EAA993-AD63-4915-936A-2FE5219F8744}
	EndGlobalSection
EndGlobal
